
Microsoft Visual Studio Solution File, Format Version 12.00
# Visual Studio Version 16
VisualStudioVersion = 16.0.37327.17
MinimumVisualStudioVersion = 10.0.40219.1
Project("{8BC9CEB8-8B4A-11D0-8D11-00A0C91BC942}") = "datademo01", "datademo01\datademo01.vcxproj", "{7E1EAE0F-2253-46B1-B739-2E3868CBA99F}"
EndProject
Global
	GlobalSection(SolutionConfigurationPlatforms) = preSolution
		Debug|x64 = Debug|x64
		Debug|x86 = Debug|x86
		Release|x64 = Release|x64
		Release|x86 = Release|x86
	EndGlobalSection
	GlobalSection(ProjectConfigurationPlatforms) = postSolution
		{7E1EAE0F-2253-46B1-B739-2E3868CBA99F}.Debug|x64.ActiveCfg = Debug|x64
		{7E1EAE0F-2253-46B1-B739-2E3868CBA99F}.Debug|x64.Build.0 = Debug|x64
		{7E1EAE0F-2253-46B1-B739-2E3868CBA99F}.Debug|x86.ActiveCfg = Debug|Win32
		{7E1EAE0F-2253-46B1-B739-2E3868CBA99F}.Debug|x86.Build.0 = Debug|Win32
		{7E1EAE0F-2253-46B1-B739-2E3868CBA99F}.Release|x64.ActiveCfg = Release|x64
		{7E1EAE0F-2253-46B1-B739-2E3868CBA99F}.Release|x64.Build.0 = Release|x64
		{7E1EAE0F-2253-46B1-B739-2E3868CBA99F}.Release|x86.ActiveCfg = Release|Win32
		{7E1EAE0F-2253-46B1-B739-2E3868CBA99F}.Release|x86.Build.0 = Release|Win32
	EndGlobalSection
	GlobalSection(SolutionProperties) = preSolution
		HideSolutionNode = FALSE
	EndGlobalSection
	GlobalSection(ExtensibilityGlobals) = postSolution
		SolutionGuid = {346E211E-89F1-489F-95FF-6681575E216F}
	EndGlobalSection
EndGlobal
